<Solution>
  <Folder Name="/src/">
    <Project Path="src/MandrillSimulator.Core/MandrillSimulator.Core.csproj" />
    <Project Path="src/MandrillSimulator/MandrillSimulator.csproj" />
  </Folder>
  <Folder Name="/tests/">
    <Project Path="tests/MandrillSimulator.Tests/MandrillSimulator.Tests.csproj" />
  </Folder>
</Solution>
